
Microsoft Visual Studio Solution File, Format Version 12.00
# Visual Studio Version 16
VisualStudioVersion = 16.0.29123.88
MinimumVisualStudioVersion = 10.0.40219.1
Project("{6EC3EE1D-3C4E-46DD-8F32-0CC8E7565705}") = "Midinette", "src\Midinette\Midinette.fsproj", "{EB59AD05-8B57-4FA6-B125-D97629ED39DE}"
EndProject
Project("{6EC3EE1D-3C4E-46DD-8F32-0CC8E7565705}") = "Midinette.Elektron", "src\Midinette.Elektron\Midinette.Elektron.fsproj", "{6E1E284B-7943-4DD9-B5FD-44121D6D6C90}"
EndProject
Project("{6EC3EE1D-3C4E-46DD-8F32-0CC8E7565705}") = "Midinette.Fable", "src\Midinette.Fable\src\Midinette.Fable.fsproj", "{7478DC1B-308E-4921-9654-77DC9B4A61F4}"
EndProject
Project("{6EC3EE1D-3C4E-46DD-8F32-0CC8E7565705}") = "Midinette.Platform.PortMidi", "src\Midinette.Platform.PortMidi\Midinette.Platform.PortMidi.fsproj", "{B7D84F4A-6664-4D07-8689-317CABE09A2F}"
EndProject
Project("{2150E333-8FDC-42A3-9474-1A3956D46DE8}") = "bits", "bits", "{4DB40A2C-FD24-4CD5-9B3F-A83315262C86}"
	ProjectSection(SolutionItems) = preProject
		.gitignore = .gitignore
		license.md = license.md
		paket.dependencies = paket.dependencies
		paket.lock = paket.lock
		readme.md = readme.md
	EndProjectSection
EndProject
Project("{6EC3EE1D-3C4E-46DD-8F32-0CC8E7565705}") = "Midinette.Platform.RtMidi", "src\Midinette.Platform.RtMidi\Midinette.Platform.RtMidi.fsproj", "{1BDC05D1-A580-4692-B34D-FEEC335BD163}"
EndProject
Project("{6EC3EE1D-3C4E-46DD-8F32-0CC8E7565705}") = "Midinette.Platform.Tests", "tests\Midinette.Platform.Tests\Midinette.Platform.Tests.fsproj", "{7DB16A0F-815C-45F3-8FF2-2A8892EA58F8}"
EndProject
Project("{6EC3EE1D-3C4E-46DD-8F32-0CC8E7565705}") = "Midinette.Elektron.Tests", "tests\Midinette.Elektron.Tests\Midinette.Elektron.Tests.fsproj", "{E45F6DEF-20D0-412B-B962-57D4C8705523}"
EndProject
Project("{6EC3EE1D-3C4E-46DD-8F32-0CC8E7565705}") = "Fable.Midinette.Fable.Tests", "src\Midinette.Fable\tests\Fable.Midinette.Fable.Tests.fsproj", "{05E236C3-A811-4114-854F-0F361680E459}"
EndProject
Global
	GlobalSection(SolutionConfigurationPlatforms) = preSolution
		Debug|Any CPU = Debug|Any CPU
		Release|Any CPU = Release|Any CPU
	EndGlobalSection
	GlobalSection(ProjectConfigurationPlatforms) = postSolution
		{EB59AD05-8B57-4FA6-B125-D97629ED39DE}.Debug|Any CPU.ActiveCfg = Debug|Any CPU
		{EB59AD05-8B57-4FA6-B125-D97629ED39DE}.Debug|Any CPU.Build.0 = Debug|Any CPU
		{EB59AD05-8B57-4FA6-B125-D97629ED39DE}.Release|Any CPU.ActiveCfg = Release|Any CPU
		{EB59AD05-8B57-4FA6-B125-D97629ED39DE}.Release|Any CPU.Build.0 = Release|Any CPU
		{6E1E284B-7943-4DD9-B5FD-44121D6D6C90}.Debug|Any CPU.ActiveCfg = Debug|Any CPU
		{6E1E284B-7943-4DD9-B5FD-44121D6D6C90}.Debug|Any CPU.Build.0 = Debug|Any CPU
		{6E1E284B-7943-4DD9-B5FD-44121D6D6C90}.Release|Any CPU.ActiveCfg = Release|Any CPU
		{6E1E284B-7943-4DD9-B5FD-44121D6D6C90}.Release|Any CPU.Build.0 = Release|Any CPU
		{7478DC1B-308E-4921-9654-77DC9B4A61F4}.Debug|Any CPU.ActiveCfg = Debug|Any CPU
		{7478DC1B-308E-4921-9654-77DC9B4A61F4}.Debug|Any CPU.Build.0 = Debug|Any CPU
		{7478DC1B-308E-4921-9654-77DC9B4A61F4}.Release|Any CPU.ActiveCfg = Release|Any CPU
		{7478DC1B-308E-4921-9654-77DC9B4A61F4}.Release|Any CPU.Build.0 = Release|Any CPU
		{B7D84F4A-6664-4D07-8689-317CABE09A2F}.Debug|Any CPU.ActiveCfg = Debug|Any CPU
		{B7D84F4A-6664-4D07-8689-317CABE09A2F}.Debug|Any CPU.Build.0 = Debug|Any CPU
		{B7D84F4A-6664-4D07-8689-317CABE09A2F}.Release|Any CPU.ActiveCfg = Release|Any CPU
		{B7D84F4A-6664-4D07-8689-317CABE09A2F}.Release|Any CPU.Build.0 = Release|Any CPU
		{1BDC05D1-A580-4692-B34D-FEEC335BD163}.Debug|Any CPU.ActiveCfg = Debug|Any CPU
		{1BDC05D1-A580-4692-B34D-FEEC335BD163}.Debug|Any CPU.Build.0 = Debug|Any CPU
		{1BDC05D1-A580-4692-B34D-FEEC335BD163}.Release|Any CPU.ActiveCfg = Release|Any CPU
		{1BDC05D1-A580-4692-B34D-FEEC335BD163}.Release|Any CPU.Build.0 = Release|Any CPU
		{7DB16A0F-815C-45F3-8FF2-2A8892EA58F8}.Debug|Any CPU.ActiveCfg = Debug|Any CPU
		{7DB16A0F-815C-45F3-8FF2-2A8892EA58F8}.Debug|Any CPU.Build.0 = Debug|Any CPU
		{7DB16A0F-815C-45F3-8FF2-2A8892EA58F8}.Release|Any CPU.ActiveCfg = Release|Any CPU
		{7DB16A0F-815C-45F3-8FF2-2A8892EA58F8}.Release|Any CPU.Build.0 = Release|Any CPU
		{E45F6DEF-20D0-412B-B962-57D4C8705523}.Debug|Any CPU.ActiveCfg = Debug|Any CPU
		{E45F6DEF-20D0-412B-B962-57D4C8705523}.Debug|Any CPU.Build.0 = Debug|Any CPU
		{E45F6DEF-20D0-412B-B962-57D4C8705523}.Release|Any CPU.ActiveCfg = Release|Any CPU
		{E45F6DEF-20D0-412B-B962-57D4C8705523}.Release|Any CPU.Build.0 = Release|Any CPU
		{05E236C3-A811-4114-854F-0F361680E459}.Debug|Any CPU.ActiveCfg = Debug|Any CPU
		{05E236C3-A811-4114-854F-0F361680E459}.Debug|Any CPU.Build.0 = Debug|Any CPU
		{05E236C3-A811-4114-854F-0F361680E459}.Release|Any CPU.ActiveCfg = Release|Any CPU
		{05E236C3-A811-4114-854F-0F361680E459}.Release|Any CPU.Build.0 = Release|Any CPU
	EndGlobalSection
	GlobalSection(SolutionProperties) = preSolution
		HideSolutionNode = FALSE
	EndGlobalSection
	GlobalSection(ExtensibilityGlobals) = postSolution
		SolutionGuid = {709F0749-D8C1-42DA-89DB-0F098C783C10}
	EndGlobalSection
EndGlobal
